// !$*UTF8*$!
{
	archiveVersion = 1;
	classes = {
	};
	objectVersion = 50;
	objects = {

/* Begin PBXBuildFile section */
		46506C32234778F700046D21 /* AppDelegate.swift in Sources */ = {isa = PBXBuildFile; fileRef = 46506C31234778F700046D21 /* AppDelegate.swift */; };
		46506C34234778F700046D21 /* ViewController.swift in Sources */ = {isa = PBXBuildFile; fileRef = 46506C33234778F700046D21 /* ViewController.swift */; };
		46506C36234778F700046D21 /* Experience.rcproject in Sources */ = {isa = PBXBuildFile; fileRef = 46506C35234778F700046D21 /* Experience.rcproject */; };
		46506C39234778F700046D21 /* Main.storyboard in Resources */ = {isa = PBXBuildFile; fileRef = 46506C37234778F700046D21 /* Main.storyboard */; };
		46506C3B234778F900046D21 /* Assets.xcassets in Resources */ = {isa = PBXBuildFile; fileRef = 46506C3A234778F900046D21 /* Assets.xcassets */; };
		46506C3E234778F900046D21 /* LaunchScreen.storyboard in Resources */ = {isa = PBXBuildFile; fileRef = 46506C3C234778F900046D21 /* LaunchScreen.storyboard */; };
		46506C46234780E600046D21 /* Seven.rcproject in Sources */ = {isa = PBXBuildFile; fileRef = 46506C45234780E600046D21 /* Seven.rcproject */; };
		46506C4A234785D700046D21 /* SevenImage.storyboard in Resources */ = {isa = PBXBuildFile; fileRef = 46506C49234785D700046D21 /* SevenImage.storyboard */; };
		46506C4C2347873B00046D21 /* SevenImageViewController.swift in Sources */ = {isa = PBXBuildFile; fileRef = 46506C4B2347873B00046D21 /* SevenImageViewController.swift */; };
		46506C5023478F7200046D21 /* art.scnassets in Resources */ = {isa = PBXBuildFile; fileRef = 46506C4F23478F7200046D21 /* art.scnassets */; };
/* End PBXBuildFile section */

/* Begin PBXFileReference section */
		46506C2E234778F700046D21 /* SevenElevenAR.app */ = {isa = PBXFileReference; explicitFileType = wrapper.application; includeInIndex = 0; path = SevenElevenAR.app; sourceTree = BUILT_PRODUCTS_DIR; };
		46506C31234778F700046D21 /* AppDelegate.swift */ = {isa = PBXFileReference; lastKnownFileType = sourcecode.swift; path = AppDelegate.swift; sourceTree = "<group>"; };
		46506C33234778F700046D21 /* ViewController.swift */ = {isa = PBXFileReference; lastKnownFileType = sourcecode.swift; path = ViewController.swift; sourceTree = "<group>"; };
		46506C35234778F700046D21 /* Experience.rcproject */ = {isa = PBXFileReference; lastKnownFileType = file.rcproject; path = Experience.rcproject; sourceTree = "<group>"; };
		46506C38234778F700046D21 /* Base */ = {isa = PBXFileReference; lastKnownFileType = file.storyboard; name = Base; path = Base.lproj/Main.storyboard; sourceTree = "<group>"; };
		46506C3A234778F900046D21 /* Assets.xcassets */ = {isa = PBXFileReference; lastKnownFileType = folder.assetcatalog; path = Assets.xcassets; sourceTree = "<group>"; };
		46506C3D234778F900046D21 /* Base */ = {isa = PBXFileReference; lastKnownFileType = file.storyboard; name = Base; path = Base.lproj/LaunchScreen.storyboard; sourceTree = "<group>"; };
		46506C3F234778F900046D21 /* Info.plist */ = {isa = PBXFileReference; lastKnownFileType = text.plist.xml; path = Info.plist; sourceTree = "<group>"; };
		46506C45234780E600046D21 /* Seven.rcproject */ = {isa = PBXFileReference; lastKnownFileType = file.rcproject; name = Seven.rcproject; path = SevenElevenAR/Assets/Seven.rcproject; sourceTree = SOURCE_ROOT; };
		46506C49234785D700046D21 /* SevenImage.storyboard */ = {isa = PBXFileReference; lastKnownFileType = file.storyboard; path = SevenImage.storyboard; sourceTree = "<group>"; };
		46506C4B2347873B00046D21 /* SevenImageViewController.swift */ = {isa = PBXFileReference; lastKnownFileType = sourcecode.swift; path = SevenImageViewController.swift; sourceTree = "<group>"; };
		46506C4F23478F7200046D21 /* art.scnassets */ = {isa = PBXFileReference; lastKnownFileType = wrapper.scnassets; path = art.scnassets; sourceTree = "<group>"; };
/* End PBXFileReference section */

/* Begin PBXFrameworksBuildPhase section */
		46506C2B234778F700046D21 /* Frameworks */ = {
			isa = PBXFrameworksBuildPhase;
			buildActionMask = 2147483647;
			files = (
			);
			runOnlyForDeploymentPostprocessing = 0;
		};
/* End PBXFrameworksBuildPhase section */

/* Begin PBXGroup section */
		46506C25234778F700046D21 = {
			isa = PBXGroup;
			children = (
				46506C30234778F700046D21 /* SevenElevenAR */,
				46506C2F234778F700046D21 /* Products */,
			);
			sourceTree = "<group>";
		};
		46506C2F234778F700046D21 /* Products */ = {
			isa = PBXGroup;
			children = (
				46506C2E234778F700046D21 /* SevenElevenAR.app */,
			);
			name = Products;
			sourceTree = "<group>";
		};
		46506C30234778F700046D21 /* SevenElevenAR */ = {
			isa = PBXGroup;
			children = (
				46506C4E23478CB900046D21 /* View */,
				46506C4D23478CA200046D21 /* Assets */,
				46506C31234778F700046D21 /* AppDelegate.swift */,
				46506C3F234778F900046D21 /* Info.plist */,
			);
			path = SevenElevenAR;
			sourceTree = "<group>";
		};
		46506C4D23478CA200046D21 /* Assets */ = {
			isa = PBXGroup;
			children = (
				46506C35234778F700046D21 /* Experience.rcproject */,
				46506C45234780E600046D21 /* Seven.rcproject */,
				46506C37234778F700046D21 /* Main.storyboard */,
				46506C3A234778F900046D21 /* Assets.xcassets */,
				46506C3C234778F900046D21 /* LaunchScreen.storyboard */,
				46506C49234785D700046D21 /* SevenImage.storyboard */,
				46506C4F23478F7200046D21 /* art.scnassets */,
			);
			path = Assets;
			sourceTree = "<group>";
		};
		46506C4E23478CB900046D21 /* View */ = {
			isa = PBXGroup;
			children = (
				46506C4B2347873B00046D21 /* SevenImageViewController.swift */,
				46506C33234778F700046D21 /* ViewController.swift */,
			);
			path = View;
			sourceTree = "<group>";
		};
/* End PBXGroup section */

/* Begin PBXNativeTarget section */
		46506C2D234778F700046D21 /* SevenElevenAR */ = {
			isa = PBXNativeTarget;
			buildConfigurationList = 46506C42234778F900046D21 /* Build configuration list for PBXNativeTarget "SevenElevenAR" */;
			buildPhases = (
				46506C2A234778F700046D21 /* Sources */,
				46506C2B234778F700046D21 /* Frameworks */,
				46506C2C234778F700046D21 /* Resources */,
			);
			buildRules = (
			);
			dependencies = (
			);
			name = SevenElevenAR;
			productName = SevenElevenAR;
			productReference = 46506C2E234778F700046D21 /* SevenElevenAR.app */;
			productType = "com.apple.product-type.application";
		};
/* End PBXNativeTarget section */

/* Begin PBXProject section */
		46506C26234778F700046D21 /* Project object */ = {
			isa = PBXProject;
			attributes = {
				LastSwiftUpdateCheck = 1100;
				LastUpgradeCheck = 1100;
				ORGANIZATIONNAME = touyou;
				TargetAttributes = {
					46506C2D234778F700046D21 = {
						CreatedOnToolsVersion = 11.0;
					};
				};
			};
			buildConfigurationList = 46506C29234778F700046D21 /* Build configuration list for PBXProject "SevenElevenAR" */;
			compatibilityVersion = "Xcode 9.3";
			developmentRegion = en;
			hasScannedForEncodings = 0;
			knownRegions = (
				en,
				Base,
			);
			mainGroup = 46506C25234778F700046D21;
			productRefGroup = 46506C2F234778F700046D21 /* Products */;
			projectDirPath = "";
			projectRoot = "";
			targets = (
				46506C2D234778F700046D21 /* SevenElevenAR */,
			);
		};
/* End PBXProject section */

/* Begin PBXResourcesBuildPhase section */
		46506C2C234778F700046D21 /* Resources */ = {
			isa = PBXResourcesBuildPhase;
			buildActionMask = 2147483647;
			files = (
				46506C4A234785D700046D21 /* SevenImage.storyboard in Resources */,
				46506C5023478F7200046D21 /* art.scnassets in Resources */,
				46506C3E234778F900046D21 /* LaunchScreen.storyboard in Resources */,
				46506C3B234778F900046D21 /* Assets.xcassets in Resources */,
				46506C39234778F700046D21 /* Main.storyboard in Resources */,
			);
			runOnlyForDeploymentPostprocessing = 0;
		};
/* End PBXResourcesBuildPhase section */

/* Begin PBXSourcesBuildPhase section */
		46506C2A234778F700046D21 /* Sources */ = {
			isa = PBXSourcesBuildPhase;
			buildActionMask = 2147483647;
			files = (
				46506C34234778F700046D21 /* ViewController.swift in Sources */,
				46506C32234778F700046D21 /* AppDelegate.swift in Sources */,
				46506C46234780E600046D21 /* Seven.rcproject in Sources */,
				46506C4C2347873B00046D21 /* SevenImageViewController.swift in Sources */,
				46506C36234778F700046D21 /* Experience.rcproject in Sources */,
			);
			runOnlyForDeploymentPostprocessing = 0;
		};
/* End PBXSourcesBuildPhase section */

/* Begin PBXVariantGroup section */
		46506C37234778F700046D21 /* Main.storyboard */ = {
			isa = PBXVariantGroup;
			children = (
				46506C38234778F700046D21 /* Base */,
			);
			name = Main.storyboard;
			sourceTree = "<group>";
		};
		46506C3C234778F900046D21 /* LaunchScreen.storyboard */ = {
			isa = PBXVariantGroup;
			children = (
				46506C3D234778F900046D21 /* Base */,
			);
			name = LaunchScreen.storyboard;
			sourceTree = "<group>";
		};
/* End PBXVariantGroup section */

/* Begin XCBuildConfiguration section */
		46506C40234778F900046D21 /* Debug */ = {
			isa = XCBuildConfiguration;
			buildSettings = {
				ALWAYS_SEARCH_USER_PATHS = NO;
				CLANG_ANALYZER_NONNULL = YES;
				CLANG_ANALYZER_NUMBER_OBJECT_CONVERSION = YES_AGGRESSIVE;
				CLANG_CXX_LANGUAGE_STANDARD = "gnu++14";
				CLANG_CXX_LIBRARY = "libc++";
				CLANG_ENABLE_MODULES = YES;
				CLANG_ENABLE_OBJC_ARC = YES;
				CLANG_ENABLE_OBJC_WEAK = YES;
				CLANG_WARN_BLOCK_CAPTURE_AUTORELEASING = YES;
				CLANG_WARN_BOOL_CONVERSION = YES;
				CLANG_WARN_COMMA = YES;
				CLANG_WARN_CONSTANT_CONVERSION = YES;
				CLANG_WARN_DEPRECATED_OBJC_IMPLEMENTATIONS = YES;
				CLANG_WARN_DIRECT_OBJC_ISA_USAGE = YES_ERROR;
				CLANG_WARN_DOCUMENTATION_COMMENTS = YES;
				CLANG_WARN_EMPTY_BODY = YES;
				CLANG_WARN_ENUM_CONVERSION = YES;
				CLANG_WARN_INFINITE_RECURSION = YES;
				CLANG_WARN_INT_CONVERSION = YES;
				CLANG_WARN_NON_LITERAL_NULL_CONVERSION = YES;
				CLANG_WARN_OBJC_IMPLICIT_RETAIN_SELF = YES;
				CLANG_WARN_OBJC_LITERAL_CONVERSION = YES;
				CLANG_WARN_OBJC_ROOT_CLASS = YES_ERROR;
				CLANG_WARN_RANGE_LOOP_ANALYSIS = YES;
				CLANG_WARN_STRICT_PROTOTYPES = YES;
				CLANG_WARN_SUSPICIOUS_MOVE = YES;
				CLANG_WARN_UNGUARDED_AVAILABILITY = YES_AGGRESSIVE;
				CLANG_WARN_UNREACHABLE_CODE = YES;
				CLANG_WARN__DUPLICATE_METHOD_MATCH = YES;
				COPY_PHASE_STRIP = NO;
				DEBUG_INFORMATION_FORMAT = dwarf;
				ENABLE_STRICT_OBJC_MSGSEND = YES;
				ENABLE_TESTABILITY = YES;
				GCC_C_LANGUAGE_STANDARD = gnu11;
				GCC_DYNAMIC_NO_PIC = NO;
				GCC_NO_COMMON_BLOCKS = YES;
				GCC_OPTIMIZATION_LEVEL = 0;
				GCC_PREPROCESSOR_DEFINITIONS = (
					"DEBUG=1",
					"$(inherited)",
				);
				GCC_WARN_64_TO_32_BIT_CONVERSION = YES;
				GCC_WARN_ABOUT_RETURN_TYPE = YES_ERROR;
				GCC_WARN_UNDECLARED_SELECTOR = YES;
				GCC_WARN_UNINITIALIZED_AUTOS = YES_AGGRESSIVE;
				GCC_WARN_UNUSED_FUNCTION = YES;
				GCC_WARN_UNUSED_VARIABLE = YES;
				IPHONEOS_DEPLOYMENT_TARGET = 13.0;
				MTL_ENABLE_DEBUG_INFO = INCLUDE_SOURCE;
				MTL_FAST_MATH = YES;
				ONLY_ACTIVE_ARCH = YES;
				SDKROOT = iphoneos;
				SWIFT_ACTIVE_COMPILATION_CONDITIONS = DEBUG;
				SWIFT_OPTIMIZATION_LEVEL = "-Onone";
			};
			name = Debug;
		};
		46506C41234778F900046D21 /* Release */ = {
			isa = XCBuildConfiguration;
			buildSettings = {
				ALWAYS_SEARCH_USER_PATHS = NO;
				CLANG_ANALYZER_NONNULL = YES;
				CLANG_ANALYZER_NUMBER_OBJECT_CONVERSION = YES_AGGRESSIVE;
				CLANG_CXX_LANGUAGE_STANDARD = "gnu++14";
				CLANG_CXX_LIBRARY = "libc++";
				CLANG_ENABLE_MODULES = YES;
				CLANG_ENABLE_OBJC_ARC = YES;
				CLANG_ENABLE_OBJC_WEAK = YES;
				CLANG_WARN_BLOCK_CAPTURE_AUTORELEASING = YES;
				CLANG_WARN_BOOL_CONVERSION = YES;
				CLANG_WARN_COMMA = YES;
				CLANG_WARN_CONSTANT_CONVERSION = YES;
				CLANG_WARN_DEPRECATED_OBJC_IMPLEMENTATIONS = YES;
				CLANG_WARN_DIRECT_OBJC_ISA_USAGE = YES_ERROR;
				CLANG_WARN_DOCUMENTATION_COMMENTS = YES;
				CLANG_WARN_EMPTY_BODY = YES;
				CLANG_WARN_ENUM_CONVERSION = YES;
				CLANG_WARN_INFINITE_RECURSION = YES;
				CLANG_WARN_INT_CONVERSION = YES;
				CLANG_WARN_NON_LITERAL_NULL_CONVERSION = YES;
				CLANG_WARN_OBJC_IMPLICIT_RETAIN_SELF = YES;
				CLANG_WARN_OBJC_LITERAL_CONVERSION = YES;
				CLANG_WARN_OBJC_ROOT_CLASS = YES_ERROR;
				CLANG_WARN_RANGE_LOOP_ANALYSIS = YES;
				CLANG_WARN_STRICT_PROTOTYPES = YES;
				CLANG_WARN_SUSPICIOUS_MOVE = YES;
				CLANG_WARN_UNGUARDED_AVAILABILITY = YES_AGGRESSIVE;
				CLANG_WARN_UNREACHABLE_CODE = YES;
				CLANG_WARN__DUPLICATE_METHOD_MATCH = YES;
				COPY_PHASE_STRIP = NO;
				DEBUG_INFORMATION_FORMAT = "dwarf-with-dsym";
				ENABLE_NS_ASSERTIONS = NO;
				ENABLE_STRICT_OBJC_MSGSEND = YES;
				GCC_C_LANGUAGE_STANDARD = gnu11;
				GCC_NO_COMMON_BLOCKS = YES;
				GCC_WARN_64_TO_32_BIT_CONVERSION = YES;
				GCC_WARN_ABOUT_RETURN_TYPE = YES_ERROR;
				GCC_WARN_UNDECLARED_SELECTOR = YES;
				GCC_WARN_UNINITIALIZED_AUTOS = YES_AGGRESSIVE;
				GCC_WARN_UNUSED_FUNCTION = YES;
				GCC_WARN_UNUSED_VARIABLE = YES;
				IPHONEOS_DEPLOYMENT_TARGET = 13.0;
				MTL_ENABLE_DEBUG_INFO = NO;
				MTL_FAST_MATH = YES;
				SDKROOT = iphoneos;
				SWIFT_COMPILATION_MODE = wholemodule;
				SWIFT_OPTIMIZATION_LEVEL = "-O";
				VALIDATE_PRODUCT = YES;
			};
			name = Release;
		};
		46506C43234778F900046D21 /* Debug */ = {
			isa = XCBuildConfiguration;
			buildSettings = {
				ASSETCATALOG_COMPILER_APPICON_NAME = AppIcon;
				CODE_SIGN_STYLE = Automatic;
				DEVELOPMENT_TEAM = B4S4333JDW;
				INFOPLIST_FILE = SevenElevenAR/Info.plist;
				LD_RUNPATH_SEARCH_PATHS = (
					"$(inherited)",
					"@executable_path/Frameworks",
				);
				PRODUCT_BUNDLE_IDENTIFIER = dev.touyou.SevenElevenAR;
				PRODUCT_NAME = "$(TARGET_NAME)";
				SWIFT_VERSION = 5.0;
				TARGETED_DEVICE_FAMILY = "1,2";
			};
			name = Debug;
		};
		46506C44234778F900046D21 /* Release */ = {
			isa = XCBuildConfiguration;
			buildSettings = {
				ASSETCATALOG_COMPILER_APPICON_NAME = AppIcon;
				CODE_SIGN_STYLE = Automatic;
				DEVELOPMENT_TEAM = B4S4333JDW;
				INFOPLIST_FILE = SevenElevenAR/Info.plist;
				LD_RUNPATH_SEARCH_PATHS = (
					"$(inherited)",
					"@executable_path/Frameworks",
				);
				PRODUCT_BUNDLE_IDENTIFIER = dev.touyou.SevenElevenAR;
				PRODUCT_NAME = "$(TARGET_NAME)";
				SWIFT_VERSION = 5.0;
				TARGETED_DEVICE_FAMILY = "1,2";
			};
			name = Release;
		};
/* End XCBuildConfiguration section */

/* Begin XCConfigurationList section */
		46506C29234778F700046D21 /* Build configuration list for PBXProject "SevenElevenAR" */ = {
			isa = XCConfigurationList;
			buildConfigurations = (
				46506C40234778F900046D21 /* Debug */,
				46506C41234778F900046D21 /* Release */,
			);
			defaultConfigurationIsVisible = 0;
			defaultConfigurationName = Release;
		};
		46506C42234778F900046D21 /* Build configuration list for PBXNativeTarget "SevenElevenAR" */ = {
			isa = XCConfigurationList;
			buildConfigurations = (
				46506C43234778F900046D21 /* Debug */,
				46506C44234778F900046D21 /* Release */,
			);
			defaultConfigurationIsVisible = 0;
			defaultConfigurationName = Release;
		};
/* End XCConfigurationList section */
	};
	rootObject = 46506C26234778F700046D21 /* Project object */;
}
